
Microsoft Visual Studio Solution File, Format Version 10.00
# Visual Studio 2008
Project("{FAE04EC0-301F-11D3-BF4B-00C04F79EFBC}") = "CHOJ", "CHOJ\CHOJ.csproj", "{A7131123-F0BE-4CA4-9D94-A77397DDA253}"
EndProject
Project("{FAE04EC0-301F-11D3-BF4B-00C04F79EFBC}") = "CHOJ.Tests", "CHOJ.Tests\CHOJ.Tests.csproj", "{7AC52878-EDA4-4B02-8C6B-F7CBC9B3E040}"
EndProject
Project("{FAE04EC0-301F-11D3-BF4B-00C04F79EFBC}") = "AccessProviders", "AccessProviders\AccessProviders.csproj", "{F92F6A46-ACB8-4DDE-9A1B-82CF458ECC34}"
EndProject
Project("{FAE04EC0-301F-11D3-BF4B-00C04F79EFBC}") = "CHOJ.Core", "CHOJ.Core\CHOJ.Core.csproj", "{AF5D2801-A8E7-4CDC-815F-4813672C186E}"
EndProject
Project("{FAE04EC0-301F-11D3-BF4B-00C04F79EFBC}") = "CHOJ.Data", "CHOJ.Data\CHOJ.Data.csproj", "{A1E9178C-A1E9-4562-83AD-3472CE3CE1AF}"
EndProject
Project("{CC5FD16D-436D-48AD-A40C-5A424C6E3E79}") = "CHOJCloud", "CHOJCloud\CHOJCloud.ccproj", "{959786E8-B15D-47E8-9071-5A5C77BBE59E}"
EndProject
Project("{FAE04EC0-301F-11D3-BF4B-00C04F79EFBC}") = "CHOJ.Service", "CHOJ.Service\CHOJ.Service.csproj", "{3F7D98AA-A4C0-4BCC-9671-0DD15782DA01}"
EndProject
Project("{FAE04EC0-301F-11D3-BF4B-00C04F79EFBC}") = "CHOJ.Abstractions", "CHOJ.Abstractions\CHOJ.Abstractions.csproj", "{2EF1680B-104B-4CF7-A379-63CA9BB0AF07}"
EndProject
Project("{2150E333-8FDC-42A3-9474-1A3956D46DE8}") = "DLL", "DLL", "{A6B1BB04-E6BC-4716-8206-BA2CF5098DAD}"
	ProjectSection(SolutionItems) = preProject
		DLL\Castle.DynamicProxy.dll = DLL\Castle.DynamicProxy.dll
		DLL\IBatisNet.Common.dll = DLL\IBatisNet.Common.dll
		DLL\IBatisNet.Common.Logging.Log4Net.dll = DLL\IBatisNet.Common.Logging.Log4Net.dll
		DLL\IBatisNet.DataAccess.dll = DLL\IBatisNet.DataAccess.dll
		DLL\IBatisNet.DataMapper.dll = DLL\IBatisNet.DataMapper.dll
		DLL\log4net.dll = DLL\log4net.dll
	EndProjectSection
EndProject
Project("{FAE04EC0-301F-11D3-BF4B-00C04F79EFBC}") = "CHOJ.AccessDao", "CHOJ.AccessDao\CHOJ.AccessDao.csproj", "{C8DD7CEE-F66D-4923-AC24-3F3BF0E534AB}"
EndProject
Global
	GlobalSection(TeamFoundationVersionControl) = preSolution
		SccNumberOfProjects = 10
		SccEnterpriseProvider = {4CA58AB2-18FA-4F8D-95D4-32DDF27D184C}
		SccTeamFoundationServer = https://tfs03.codeplex.com/
		SccLocalPath0 = .
		SccProjectUniqueName1 = AccessProviders\\AccessProviders.csproj
		SccProjectName1 = AccessProviders
		SccLocalPath1 = AccessProviders
		SccProjectUniqueName2 = CHOJ.Core\\CHOJ.Core.csproj
		SccProjectName2 = CHOJ.Core
		SccLocalPath2 = CHOJ.Core
		SccProjectUniqueName3 = CHOJ.Data\\CHOJ.Data.csproj
		SccProjectName3 = CHOJ.Data
		SccLocalPath3 = CHOJ.Data
		SccProjectUniqueName4 = CHOJ.Tests\\CHOJ.Tests.csproj
		SccProjectName4 = CHOJ.Tests
		SccLocalPath4 = CHOJ.Tests
		SccProjectUniqueName5 = CHOJ\\CHOJ.csproj
		SccProjectName5 = CHOJ
		SccLocalPath5 = CHOJ
		SccProjectUniqueName6 = CHOJCloud\\CHOJCloud.ccproj
		SccProjectName6 = CHOJCloud
		SccLocalPath6 = CHOJCloud
		SccProjectUniqueName7 = CHOJ.Service\\CHOJ.Service.csproj
		SccProjectName7 = CHOJ.Service
		SccLocalPath7 = CHOJ.Service
		SccProjectUniqueName8 = CHOJ.Abstractions\\CHOJ.Abstractions.csproj
		SccProjectName8 = CHOJ.Abstractions
		SccLocalPath8 = CHOJ.Abstractions
		SccProjectUniqueName9 = CHOJ.AccessDao\\CHOJ.AccessDao.csproj
		SccProjectName9 = CHOJ.AccessDao
		SccLocalPath9 = CHOJ.AccessDao
	EndGlobalSection
	GlobalSection(SolutionConfigurationPlatforms) = preSolution
		Debug|Any CPU = Debug|Any CPU
		Release|Any CPU = Release|Any CPU
	EndGlobalSection
	GlobalSection(ProjectConfigurationPlatforms) = postSolution
		{A7131123-F0BE-4CA4-9D94-A77397DDA253}.Debug|Any CPU.ActiveCfg = Debug|Any CPU
		{A7131123-F0BE-4CA4-9D94-A77397DDA253}.Debug|Any CPU.Build.0 = Debug|Any CPU
		{A7131123-F0BE-4CA4-9D94-A77397DDA253}.Release|Any CPU.ActiveCfg = Release|Any CPU
		{A7131123-F0BE-4CA4-9D94-A77397DDA253}.Release|Any CPU.Build.0 = Release|Any CPU
		{7AC52878-EDA4-4B02-8C6B-F7CBC9B3E040}.Debug|Any CPU.ActiveCfg = Debug|Any CPU
		{7AC52878-EDA4-4B02-8C6B-F7CBC9B3E040}.Debug|Any CPU.Build.0 = Debug|Any CPU
		{7AC52878-EDA4-4B02-8C6B-F7CBC9B3E040}.Release|Any CPU.ActiveCfg = Release|Any CPU
		{7AC52878-EDA4-4B02-8C6B-F7CBC9B3E040}.Release|Any CPU.Build.0 = Release|Any CPU
		{F92F6A46-ACB8-4DDE-9A1B-82CF458ECC34}.Debug|Any CPU.ActiveCfg = Debug|Any CPU
		{F92F6A46-ACB8-4DDE-9A1B-82CF458ECC34}.Debug|Any CPU.Build.0 = Debug|Any CPU
		{F92F6A46-ACB8-4DDE-9A1B-82CF458ECC34}.Release|Any CPU.ActiveCfg = Release|Any CPU
		{F92F6A46-ACB8-4DDE-9A1B-82CF458ECC34}.Release|Any CPU.Build.0 = Release|Any CPU
		{AF5D2801-A8E7-4CDC-815F-4813672C186E}.Debug|Any CPU.ActiveCfg = Debug|Any CPU
		{AF5D2801-A8E7-4CDC-815F-4813672C186E}.Debug|Any CPU.Build.0 = Debug|Any CPU
		{AF5D2801-A8E7-4CDC-815F-4813672C186E}.Release|Any CPU.ActiveCfg = Release|Any CPU
		{AF5D2801-A8E7-4CDC-815F-4813672C186E}.Release|Any CPU.Build.0 = Release|Any CPU
		{A1E9178C-A1E9-4562-83AD-3472CE3CE1AF}.Debug|Any CPU.ActiveCfg = Debug|Any CPU
		{A1E9178C-A1E9-4562-83AD-3472CE3CE1AF}.Debug|Any CPU.Build.0 = Debug|Any CPU
		{A1E9178C-A1E9-4562-83AD-3472CE3CE1AF}.Release|Any CPU.ActiveCfg = Release|Any CPU
		{A1E9178C-A1E9-4562-83AD-3472CE3CE1AF}.Release|Any CPU.Build.0 = Release|Any CPU
		{959786E8-B15D-47E8-9071-5A5C77BBE59E}.Debug|Any CPU.ActiveCfg = Debug|Any CPU
		{959786E8-B15D-47E8-9071-5A5C77BBE59E}.Debug|Any CPU.Build.0 = Debug|Any CPU
		{959786E8-B15D-47E8-9071-5A5C77BBE59E}.Release|Any CPU.ActiveCfg = Release|Any CPU
		{959786E8-B15D-47E8-9071-5A5C77BBE59E}.Release|Any CPU.Build.0 = Release|Any CPU
		{3F7D98AA-A4C0-4BCC-9671-0DD15782DA01}.Debug|Any CPU.ActiveCfg = Debug|Any CPU
		{3F7D98AA-A4C0-4BCC-9671-0DD15782DA01}.Debug|Any CPU.Build.0 = Debug|Any CPU
		{3F7D98AA-A4C0-4BCC-9671-0DD15782DA01}.Release|Any CPU.ActiveCfg = Release|Any CPU
		{3F7D98AA-A4C0-4BCC-9671-0DD15782DA01}.Release|Any CPU.Build.0 = Release|Any CPU
		{2EF1680B-104B-4CF7-A379-63CA9BB0AF07}.Debug|Any CPU.ActiveCfg = Debug|Any CPU
		{2EF1680B-104B-4CF7-A379-63CA9BB0AF07}.Debug|Any CPU.Build.0 = Debug|Any CPU
		{2EF1680B-104B-4CF7-A379-63CA9BB0AF07}.Release|Any CPU.ActiveCfg = Release|Any CPU
		{2EF1680B-104B-4CF7-A379-63CA9BB0AF07}.Release|Any CPU.Build.0 = Release|Any CPU
		{C8DD7CEE-F66D-4923-AC24-3F3BF0E534AB}.Debug|Any CPU.ActiveCfg = Debug|Any CPU
		{C8DD7CEE-F66D-4923-AC24-3F3BF0E534AB}.Debug|Any CPU.Build.0 = Debug|Any CPU
		{C8DD7CEE-F66D-4923-AC24-3F3BF0E534AB}.Release|Any CPU.ActiveCfg = Release|Any CPU
		{C8DD7CEE-F66D-4923-AC24-3F3BF0E534AB}.Release|Any CPU.Build.0 = Release|Any CPU
	EndGlobalSection
	GlobalSection(SolutionProperties) = preSolution
		HideSolutionNode = FALSE
	EndGlobalSection
EndGlobal
