
Microsoft Visual Studio Solution File, Format Version 10.00
# Visual Studio 2008
Project("{FAE04EC0-301F-11D3-BF4B-00C04F79EFBC}") = "OnlineJudge.Web", "OnlineJudge.Web\OnlineJudge.Web.csproj", "{FD3D0195-25C3-4286-94B9-3C5488C476FC}"
EndProject
Project("{2150E333-8FDC-42A3-9474-1A3956D46DE8}") = "Resources", "Resources", "{96A0EF2F-302F-4800-9516-50ACCB193333}"
EndProject
Project("{FAE04EC0-301F-11D3-BF4B-00C04F79EFBC}") = "OnlineJudge.Models", "..\OnlineJudge.Models\OnlineJudge.Models.csproj", "{3C2B497A-4646-4D9C-A0B3-E9100A61B5BA}"
EndProject
Project("{FAE04EC0-301F-11D3-BF4B-00C04F79EFBC}") = "OnlineJudge.Controllers", "..\OnlineJudge.Controllers\OnlineJudge.Controllers.csproj", "{A0707967-ED73-4513-B77D-BF95EB954852}"
EndProject
Project("{FAE04EC0-301F-11D3-BF4B-00C04F79EFBC}") = "OnlineJudge.Compiler", "OnlineJudge.Compiler\OnlineJudge.Compiler.csproj", "{524C0E9F-CDF2-40A5-8D41-8EE8CE52A757}"
EndProject
Global
	GlobalSection(TeamFoundationVersionControl) = preSolution
		SccNumberOfProjects = 5
		SccEnterpriseProvider = {4CA58AB2-18FA-4F8D-95D4-32DDF27D184C}
		SccTeamFoundationServer = https://tfs03.codeplex.com/
		SccProjectUniqueName0 = OnlineJudge.Web\\OnlineJudge.Web.csproj
		SccProjectName0 = OnlineJudge.Web
		SccLocalPath0 = OnlineJudge.Web
		SccLocalPath1 = .
		SccProjectUniqueName2 = ..\\OnlineJudge.Models\\OnlineJudge.Models.csproj
		SccProjectName2 = ../OnlineJudge.Models
		SccLocalPath2 = ..\\OnlineJudge.Models
		SccProjectUniqueName3 = ..\\OnlineJudge.Controllers\\OnlineJudge.Controllers.csproj
		SccProjectName3 = ../OnlineJudge.Controllers
		SccLocalPath3 = ..\\OnlineJudge.Controllers
		SccProjectUniqueName4 = OnlineJudge.Compiler\\OnlineJudge.Compiler.csproj
		SccProjectName4 = OnlineJudge.Compiler
		SccLocalPath4 = OnlineJudge.Compiler
	EndGlobalSection
	GlobalSection(SolutionConfigurationPlatforms) = preSolution
		Debug|Any CPU = Debug|Any CPU
		Release|Any CPU = Release|Any CPU
	EndGlobalSection
	GlobalSection(ProjectConfigurationPlatforms) = postSolution
		{FD3D0195-25C3-4286-94B9-3C5488C476FC}.Debug|Any CPU.ActiveCfg = Debug|Any CPU
		{FD3D0195-25C3-4286-94B9-3C5488C476FC}.Debug|Any CPU.Build.0 = Debug|Any CPU
		{FD3D0195-25C3-4286-94B9-3C5488C476FC}.Release|Any CPU.ActiveCfg = Release|Any CPU
		{FD3D0195-25C3-4286-94B9-3C5488C476FC}.Release|Any CPU.Build.0 = Release|Any CPU
		{3C2B497A-4646-4D9C-A0B3-E9100A61B5BA}.Debug|Any CPU.ActiveCfg = Debug|Any CPU
		{3C2B497A-4646-4D9C-A0B3-E9100A61B5BA}.Debug|Any CPU.Build.0 = Debug|Any CPU
		{3C2B497A-4646-4D9C-A0B3-E9100A61B5BA}.Release|Any CPU.ActiveCfg = Release|Any CPU
		{3C2B497A-4646-4D9C-A0B3-E9100A61B5BA}.Release|Any CPU.Build.0 = Release|Any CPU
		{A0707967-ED73-4513-B77D-BF95EB954852}.Debug|Any CPU.ActiveCfg = Debug|Any CPU
		{A0707967-ED73-4513-B77D-BF95EB954852}.Debug|Any CPU.Build.0 = Debug|Any CPU
		{A0707967-ED73-4513-B77D-BF95EB954852}.Release|Any CPU.ActiveCfg = Release|Any CPU
		{A0707967-ED73-4513-B77D-BF95EB954852}.Release|Any CPU.Build.0 = Release|Any CPU
		{524C0E9F-CDF2-40A5-8D41-8EE8CE52A757}.Debug|Any CPU.ActiveCfg = Debug|Any CPU
		{524C0E9F-CDF2-40A5-8D41-8EE8CE52A757}.Debug|Any CPU.Build.0 = Debug|Any CPU
		{524C0E9F-CDF2-40A5-8D41-8EE8CE52A757}.Release|Any CPU.ActiveCfg = Release|Any CPU
		{524C0E9F-CDF2-40A5-8D41-8EE8CE52A757}.Release|Any CPU.Build.0 = Release|Any CPU
	EndGlobalSection
	GlobalSection(SolutionProperties) = preSolution
		HideSolutionNode = FALSE
	EndGlobalSection
EndGlobal
