
Microsoft Visual Studio Solution File, Format Version 10.00
# Visual Studio 2008
Project("{FAE04EC0-301F-11D3-BF4B-00C04F79EFBC}") = "ChswordOJ", "ChswordOJ.csproj", "{6568C4BE-A5C4-4BC2-9BD3-C0089538FB4E}"
EndProject
Project("{E24C65DC-7377-472B-9ABA-BC803B73C61A}") = "Web", "..\..\Web", "{B5C4C8F6-9BA0-485C-B664-0D548CE9FC87}"
	ProjectSection(WebsiteProperties) = preProject
		SccProjectName = "SAK"
		SccAuxPath = "SAK"
		SccLocalPath = "SAK"
		SccProvider = "SAK"
		TargetFramework = "3.5"
		Debug.AspNetCompiler.VirtualPath = "/Web"
		Debug.AspNetCompiler.PhysicalPath = "..\..\Web\"
		Debug.AspNetCompiler.TargetPath = "PrecompiledWeb\Web\"
		Debug.AspNetCompiler.Updateable = "true"
		Debug.AspNetCompiler.ForceOverwrite = "true"
		Debug.AspNetCompiler.FixedNames = "false"
		Debug.AspNetCompiler.Debug = "True"
		Release.AspNetCompiler.VirtualPath = "/Web"
		Release.AspNetCompiler.PhysicalPath = "..\..\Web\"
		Release.AspNetCompiler.TargetPath = "PrecompiledWeb\Web\"
		Release.AspNetCompiler.Updateable = "true"
		Release.AspNetCompiler.ForceOverwrite = "true"
		Release.AspNetCompiler.FixedNames = "false"
		Release.AspNetCompiler.Debug = "False"
		VWDPort = "3176"
	EndProjectSection
EndProject
Global
	GlobalSection(TeamFoundationVersionControl) = preSolution
		SccNumberOfProjects = 3
		SccEnterpriseProvider = {4CA58AB2-18FA-4F8D-95D4-32DDF27D184C}
		SccTeamFoundationServer = https://tfs03.codeplex.com/
		SccLocalPath0 = .
		SccWebProject1 = true
		SccProjectUniqueName1 = ..\\..\\Web
		SccProjectName1 = Web
		SccLocalPath1 = ..\\..\\Web
		SccProjectEnlistmentChoice1 = 2
		SccProjectUniqueName2 = ChswordOJ.csproj
		SccLocalPath2 = .
	EndGlobalSection
	GlobalSection(SolutionConfigurationPlatforms) = preSolution
		Debug|.NET = Debug|.NET
		Debug|Any CPU = Debug|Any CPU
		Debug|Mixed Platforms = Debug|Mixed Platforms
		Release|.NET = Release|.NET
		Release|Any CPU = Release|Any CPU
		Release|Mixed Platforms = Release|Mixed Platforms
	EndGlobalSection
	GlobalSection(ProjectConfigurationPlatforms) = postSolution
		{6568C4BE-A5C4-4BC2-9BD3-C0089538FB4E}.Debug|.NET.ActiveCfg = Debug|Any CPU
		{6568C4BE-A5C4-4BC2-9BD3-C0089538FB4E}.Debug|.NET.Build.0 = Debug|Any CPU
		{6568C4BE-A5C4-4BC2-9BD3-C0089538FB4E}.Debug|Any CPU.ActiveCfg = Debug|Any CPU
		{6568C4BE-A5C4-4BC2-9BD3-C0089538FB4E}.Debug|Any CPU.Build.0 = Debug|Any CPU
		{6568C4BE-A5C4-4BC2-9BD3-C0089538FB4E}.Debug|Mixed Platforms.ActiveCfg = Debug|Any CPU
		{6568C4BE-A5C4-4BC2-9BD3-C0089538FB4E}.Debug|Mixed Platforms.Build.0 = Debug|Any CPU
		{6568C4BE-A5C4-4BC2-9BD3-C0089538FB4E}.Release|.NET.ActiveCfg = Release|Any CPU
		{6568C4BE-A5C4-4BC2-9BD3-C0089538FB4E}.Release|.NET.Build.0 = Release|Any CPU
		{6568C4BE-A5C4-4BC2-9BD3-C0089538FB4E}.Release|Any CPU.ActiveCfg = Release|Any CPU
		{6568C4BE-A5C4-4BC2-9BD3-C0089538FB4E}.Release|Any CPU.Build.0 = Release|Any CPU
		{6568C4BE-A5C4-4BC2-9BD3-C0089538FB4E}.Release|Mixed Platforms.ActiveCfg = Release|Any CPU
		{6568C4BE-A5C4-4BC2-9BD3-C0089538FB4E}.Release|Mixed Platforms.Build.0 = Release|Any CPU
		{B5C4C8F6-9BA0-485C-B664-0D548CE9FC87}.Debug|.NET.ActiveCfg = Debug|.NET
		{B5C4C8F6-9BA0-485C-B664-0D548CE9FC87}.Debug|.NET.Build.0 = Debug|.NET
		{B5C4C8F6-9BA0-485C-B664-0D548CE9FC87}.Debug|Any CPU.ActiveCfg = Debug|.NET
		{B5C4C8F6-9BA0-485C-B664-0D548CE9FC87}.Debug|Any CPU.Build.0 = Debug|Any CPU
		{B5C4C8F6-9BA0-485C-B664-0D548CE9FC87}.Debug|Mixed Platforms.ActiveCfg = Debug|.NET
		{B5C4C8F6-9BA0-485C-B664-0D548CE9FC87}.Debug|Mixed Platforms.Build.0 = Debug|.NET
		{B5C4C8F6-9BA0-485C-B664-0D548CE9FC87}.Release|.NET.ActiveCfg = Debug|.NET
		{B5C4C8F6-9BA0-485C-B664-0D548CE9FC87}.Release|.NET.Build.0 = Debug|.NET
		{B5C4C8F6-9BA0-485C-B664-0D548CE9FC87}.Release|Any CPU.ActiveCfg = Debug|.NET
		{B5C4C8F6-9BA0-485C-B664-0D548CE9FC87}.Release|Any CPU.Build.0 = Release|Any CPU
		{B5C4C8F6-9BA0-485C-B664-0D548CE9FC87}.Release|Mixed Platforms.ActiveCfg = Debug|.NET
		{B5C4C8F6-9BA0-485C-B664-0D548CE9FC87}.Release|Mixed Platforms.Build.0 = Debug|.NET
	EndGlobalSection
	GlobalSection(SolutionProperties) = preSolution
		HideSolutionNode = FALSE
	EndGlobalSection
EndGlobal
